{
  "nodes": {
    "flake-utils": {
      "locked": {
        "lastModified": 1649676176,
        "narHash": "sha256-OWKJratjt2RW151VUlJPRALb7OU2S5s+f0vLj4o1bHM=",
        "owner": "numtide",
        "repo": "flake-utils",
        "rev": "a4b154ebbdc88c8498a5c7b01589addc9e9cb678",
        "type": "github"
      },
      "original": {
        "owner": "numtide",
        "repo": "flake-utils",
        "type": "github"
      }
    },
    "gradle2nix": {
      "inputs": {
        "flake-utils": [
          "flake-utils"
        ],
        "nixpkgs": [
          "nixpkgs"
        ]
      },
      "locked": {
        "lastModified": 1638650308,
        "narHash": "sha256-KTWEI33QPP1KGh4VKwjvQqJZSBGmicupxD4kkcxR+pw=",
        "owner": "lorenzleutgeb",
        "repo": "gradle2nix",
        "rev": "3f9d3cb01ab32d0514844d2f3efc0cea85278cf4",
        "type": "github"
      },
      "original": {
        "owner": "lorenzleutgeb",
        "repo": "gradle2nix",
        "type": "github"
      }
    },
    "nixpkgs": {
      "locked": {
        "lastModified": 1655096306,
        "narHash": "sha256-3B3zBaQVLL956deZgmucouvkZroObQ4JKHzbIfFS9/c=",
        "owner": "NixOS",
        "repo": "nixpkgs",
        "rev": "a119e218ad27bea32057a3463e3694a61c9e3802",
        "type": "github"
      },
      "original": {
        "owner": "NixOS",
        "ref": "nixos-22.05",
        "repo": "nixpkgs",
        "type": "github"
      }
    },
    "root": {
      "inputs": {
        "flake-utils": "flake-utils",
        "gradle2nix": "gradle2nix",
        "nixpkgs": "nixpkgs"
      }
    }
  },
  "root": "root",
  "version": 7
}
